{
  "requires": true,
  "lockfileVersion": 1,
  "dependencies": {
    "elm-tooling": {
      "version": "1.2.0",
      "resolved": "https://registry.npmjs.org/elm-tooling/-/elm-tooling-1.2.0.tgz",
      "integrity": "sha512-hp9HKubt41Xa8uAdlspEvVhizibwKsVHE5HA/bF5LVIaPDC0yQ43PtqrP13h5dzS6J1VYorYKtK6on9D0gkOmw=="
    },
    "morphdom": {
      "version": "2.6.1",
      "resolved": "https://registry.npmjs.org/morphdom/-/morphdom-2.6.1.tgz",
      "integrity": "sha512-Y8YRbAEP3eKykroIBWrjcfMw7mmwJfjhqdpSvoqinu8Y702nAwikpXcNFDiIkyvfCLxLM9Wu95RZqo4a9jFBaA=="
    }
  }
}
